
Microsoft Visual Studio Solution File, Format Version 12.00
# Visual Studio Version 17
VisualStudioVersion = 17.3.32804.467
MinimumVisualStudioVersion = 10.0.40219.1
Project("{2150E333-8FDC-42A3-9474-1A3956D46DE8}") = "Services", "Services", "{18449DE6-940D-4175-A3BB-71BFD6A76560}"
EndProject
Project("{2150E333-8FDC-42A3-9474-1A3956D46DE8}") = "Catalog", "Catalog", "{66DE636A-2B46-4203-AC65-DE64D7AC32D2}"
EndProject
Project("{9A19103F-16F7-4668-BE54-9A1E7A4F7556}") = "Catalog.API", "Services\Catalog\Catalog.API\Catalog.API.csproj", "{CC5E93EA-9ABA-445D-BC91-D76EB19FBB61}"
EndProject
Project("{E53339B2-1760-4266-BCC7-CA923CBCF16C}") = "docker-compose", "docker-compose.dcproj", "{5DD0D365-45CF-4E09-A07E-6B3AC908B4C6}"
EndProject
Project("{2150E333-8FDC-42A3-9474-1A3956D46DE8}") = "Basket", "Basket", "{5E522AB4-C881-4E5F-94C6-A5AECCB91A6D}"
EndProject
Project("{9A19103F-16F7-4668-BE54-9A1E7A4F7556}") = "Basket.API", "Services\Basket\Basket.API\Basket.API.csproj", "{6C791E09-E3E8-456F-9960-364FEA011A15}"
EndProject
Project("{2150E333-8FDC-42A3-9474-1A3956D46DE8}") = "Discount", "Discount", "{4CA38EE4-075C-4480-B832-D9C71E5AA8C7}"
EndProject
Project("{9A19103F-16F7-4668-BE54-9A1E7A4F7556}") = "Discount.API", "Services\Discount\Discount.API\Discount.API.csproj", "{DF98C6F8-8D58-4BE4-AB89-746D5258306E}"
EndProject
Project("{9A19103F-16F7-4668-BE54-9A1E7A4F7556}") = "Discount.Grpc", "Services\Discount\Discount.Grpc\Discount.Grpc.csproj", "{8957689B-B901-4E27-9F21-4475A37A0D47}"
EndProject
Project("{2150E333-8FDC-42A3-9474-1A3956D46DE8}") = "Order", "Order", "{EAECB70A-F625-49B7-B5C0-1EEF34090B90}"
EndProject
Project("{FAE04EC0-301F-11D3-BF4B-00C04F79EFBC}") = "Order.API", "Services\Order\Order.API\Order.API.csproj", "{14B6E692-8A10-4E85-8036-5151CA1252A8}"
EndProject
Project("{FAE04EC0-301F-11D3-BF4B-00C04F79EFBC}") = "Order.Application", "Services\Order\Order.Application\Order.Application.csproj", "{6EAE825C-428C-48BF-ADB0-FA8DF6B5B1E3}"
EndProject
Project("{FAE04EC0-301F-11D3-BF4B-00C04F79EFBC}") = "Order.Domain", "Services\Order\Order.Domain\Order.Domain.csproj", "{40AE6BCE-2DFF-4D1B-9F3E-ABEA3ABA7C18}"
EndProject
Project("{FAE04EC0-301F-11D3-BF4B-00C04F79EFBC}") = "Order.Infrastructure", "Services\Order\Order.Infrastructure\Order.Infrastructure.csproj", "{7BB4CB66-AB07-4BCB-8324-F7B9FDB57280}"
EndProject
Global
	GlobalSection(SolutionConfigurationPlatforms) = preSolution
		Debug|Any CPU = Debug|Any CPU
		Release|Any CPU = Release|Any CPU
	EndGlobalSection
	GlobalSection(ProjectConfigurationPlatforms) = postSolution
		{CC5E93EA-9ABA-445D-BC91-D76EB19FBB61}.Debug|Any CPU.ActiveCfg = Debug|Any CPU
		{CC5E93EA-9ABA-445D-BC91-D76EB19FBB61}.Debug|Any CPU.Build.0 = Debug|Any CPU
		{CC5E93EA-9ABA-445D-BC91-D76EB19FBB61}.Release|Any CPU.ActiveCfg = Release|Any CPU
		{CC5E93EA-9ABA-445D-BC91-D76EB19FBB61}.Release|Any CPU.Build.0 = Release|Any CPU
		{5DD0D365-45CF-4E09-A07E-6B3AC908B4C6}.Debug|Any CPU.ActiveCfg = Debug|Any CPU
		{5DD0D365-45CF-4E09-A07E-6B3AC908B4C6}.Debug|Any CPU.Build.0 = Debug|Any CPU
		{5DD0D365-45CF-4E09-A07E-6B3AC908B4C6}.Release|Any CPU.ActiveCfg = Release|Any CPU
		{5DD0D365-45CF-4E09-A07E-6B3AC908B4C6}.Release|Any CPU.Build.0 = Release|Any CPU
		{6C791E09-E3E8-456F-9960-364FEA011A15}.Debug|Any CPU.ActiveCfg = Debug|Any CPU
		{6C791E09-E3E8-456F-9960-364FEA011A15}.Debug|Any CPU.Build.0 = Debug|Any CPU
		{6C791E09-E3E8-456F-9960-364FEA011A15}.Release|Any CPU.ActiveCfg = Release|Any CPU
		{6C791E09-E3E8-456F-9960-364FEA011A15}.Release|Any CPU.Build.0 = Release|Any CPU
		{DF98C6F8-8D58-4BE4-AB89-746D5258306E}.Debug|Any CPU.ActiveCfg = Debug|Any CPU
		{DF98C6F8-8D58-4BE4-AB89-746D5258306E}.Debug|Any CPU.Build.0 = Debug|Any CPU
		{DF98C6F8-8D58-4BE4-AB89-746D5258306E}.Release|Any CPU.ActiveCfg = Release|Any CPU
		{DF98C6F8-8D58-4BE4-AB89-746D5258306E}.Release|Any CPU.Build.0 = Release|Any CPU
		{8957689B-B901-4E27-9F21-4475A37A0D47}.Debug|Any CPU.ActiveCfg = Debug|Any CPU
		{8957689B-B901-4E27-9F21-4475A37A0D47}.Debug|Any CPU.Build.0 = Debug|Any CPU
		{8957689B-B901-4E27-9F21-4475A37A0D47}.Release|Any CPU.ActiveCfg = Release|Any CPU
		{8957689B-B901-4E27-9F21-4475A37A0D47}.Release|Any CPU.Build.0 = Release|Any CPU
		{14B6E692-8A10-4E85-8036-5151CA1252A8}.Debug|Any CPU.ActiveCfg = Debug|Any CPU
		{14B6E692-8A10-4E85-8036-5151CA1252A8}.Debug|Any CPU.Build.0 = Debug|Any CPU
		{14B6E692-8A10-4E85-8036-5151CA1252A8}.Release|Any CPU.ActiveCfg = Release|Any CPU
		{14B6E692-8A10-4E85-8036-5151CA1252A8}.Release|Any CPU.Build.0 = Release|Any CPU
		{6EAE825C-428C-48BF-ADB0-FA8DF6B5B1E3}.Debug|Any CPU.ActiveCfg = Debug|Any CPU
		{6EAE825C-428C-48BF-ADB0-FA8DF6B5B1E3}.Debug|Any CPU.Build.0 = Debug|Any CPU
		{6EAE825C-428C-48BF-ADB0-FA8DF6B5B1E3}.Release|Any CPU.ActiveCfg = Release|Any CPU
		{6EAE825C-428C-48BF-ADB0-FA8DF6B5B1E3}.Release|Any CPU.Build.0 = Release|Any CPU
		{40AE6BCE-2DFF-4D1B-9F3E-ABEA3ABA7C18}.Debug|Any CPU.ActiveCfg = Debug|Any CPU
		{40AE6BCE-2DFF-4D1B-9F3E-ABEA3ABA7C18}.Debug|Any CPU.Build.0 = Debug|Any CPU
		{40AE6BCE-2DFF-4D1B-9F3E-ABEA3ABA7C18}.Release|Any CPU.ActiveCfg = Release|Any CPU
		{40AE6BCE-2DFF-4D1B-9F3E-ABEA3ABA7C18}.Release|Any CPU.Build.0 = Release|Any CPU
		{7BB4CB66-AB07-4BCB-8324-F7B9FDB57280}.Debug|Any CPU.ActiveCfg = Debug|Any CPU
		{7BB4CB66-AB07-4BCB-8324-F7B9FDB57280}.Debug|Any CPU.Build.0 = Debug|Any CPU
		{7BB4CB66-AB07-4BCB-8324-F7B9FDB57280}.Release|Any CPU.ActiveCfg = Release|Any CPU
		{7BB4CB66-AB07-4BCB-8324-F7B9FDB57280}.Release|Any CPU.Build.0 = Release|Any CPU
	EndGlobalSection
	GlobalSection(SolutionProperties) = preSolution
		HideSolutionNode = FALSE
	EndGlobalSection
	GlobalSection(NestedProjects) = preSolution
		{66DE636A-2B46-4203-AC65-DE64D7AC32D2} = {18449DE6-940D-4175-A3BB-71BFD6A76560}
		{CC5E93EA-9ABA-445D-BC91-D76EB19FBB61} = {66DE636A-2B46-4203-AC65-DE64D7AC32D2}
		{5E522AB4-C881-4E5F-94C6-A5AECCB91A6D} = {18449DE6-940D-4175-A3BB-71BFD6A76560}
		{6C791E09-E3E8-456F-9960-364FEA011A15} = {5E522AB4-C881-4E5F-94C6-A5AECCB91A6D}
		{4CA38EE4-075C-4480-B832-D9C71E5AA8C7} = {18449DE6-940D-4175-A3BB-71BFD6A76560}
		{DF98C6F8-8D58-4BE4-AB89-746D5258306E} = {4CA38EE4-075C-4480-B832-D9C71E5AA8C7}
		{8957689B-B901-4E27-9F21-4475A37A0D47} = {4CA38EE4-075C-4480-B832-D9C71E5AA8C7}
		{EAECB70A-F625-49B7-B5C0-1EEF34090B90} = {18449DE6-940D-4175-A3BB-71BFD6A76560}
		{14B6E692-8A10-4E85-8036-5151CA1252A8} = {EAECB70A-F625-49B7-B5C0-1EEF34090B90}
		{6EAE825C-428C-48BF-ADB0-FA8DF6B5B1E3} = {EAECB70A-F625-49B7-B5C0-1EEF34090B90}
		{40AE6BCE-2DFF-4D1B-9F3E-ABEA3ABA7C18} = {EAECB70A-F625-49B7-B5C0-1EEF34090B90}
		{7BB4CB66-AB07-4BCB-8324-F7B9FDB57280} = {EAECB70A-F625-49B7-B5C0-1EEF34090B90}
	EndGlobalSection
	GlobalSection(ExtensibilityGlobals) = postSolution
		SolutionGuid = {092589CE-A78E-46ED-864C-F5A5B7E7C0B7}
	EndGlobalSection
EndGlobal
